
Microsoft Visual Studio Solution File, Format Version 12.00
# Visual Studio Version 16
VisualStudioVersion = 16.0.30907.101
MinimumVisualStudioVersion = 10.0.40219.1
Project("{FAE04EC0-301F-11D3-BF4B-00C04F79EFBC}") = "CSharp10", "CSharp10\CSharp10.csproj", "{46ACDD52-4A03-4CA8-A099-E601FBC1469A}"
EndProject
Global
	GlobalSection(SolutionConfigurationPlatforms) = preSolution
		Debug|Any CPU = Debug|Any CPU
		Release|Any CPU = Release|Any CPU
	EndGlobalSection
	GlobalSection(ProjectConfigurationPlatforms) = postSolution
		{46ACDD52-4A03-4CA8-A099-E601FBC1469A}.Debug|Any CPU.ActiveCfg = Debug|Any CPU
		{46ACDD52-4A03-4CA8-A099-E601FBC1469A}.Debug|Any CPU.Build.0 = Debug|Any CPU
		{46ACDD52-4A03-4CA8-A099-E601FBC1469A}.Release|Any CPU.ActiveCfg = Release|Any CPU
		{46ACDD52-4A03-4CA8-A099-E601FBC1469A}.Release|Any CPU.Build.0 = Release|Any CPU
	EndGlobalSection
	GlobalSection(SolutionProperties) = preSolution
		HideSolutionNode = FALSE
	EndGlobalSection
	GlobalSection(ExtensibilityGlobals) = postSolution
		SolutionGuid = {55C2D1D5-48C6-40B4-935F-36E41088E14A}
	EndGlobalSection
EndGlobal
